
Microsoft Visual Studio Solution File, Format Version 12.00
# Visual Studio Version 16
VisualStudioVersion = 16.0.32126.315
MinimumVisualStudioVersion = 10.0.40219.1
Project("{FAE04EC0-301F-11D3-BF4B-00C04F79EFBC}") = "BookAdmin", "BookAdmin.csproj", "{2583A68E-D93A-4DD6-91EF-9B35A86D418C}"
EndProject
Global
	GlobalSection(SolutionConfigurationPlatforms) = preSolution
		Debug|Any CPU = Debug|Any CPU
		Release|Any CPU = Release|Any CPU
	EndGlobalSection
	GlobalSection(ProjectConfigurationPlatforms) = postSolution
		{2583A68E-D93A-4DD6-91EF-9B35A86D418C}.Debug|Any CPU.ActiveCfg = Debug|Any CPU
		{2583A68E-D93A-4DD6-91EF-9B35A86D418C}.Debug|Any CPU.Build.0 = Debug|Any CPU
		{2583A68E-D93A-4DD6-91EF-9B35A86D418C}.Release|Any CPU.ActiveCfg = Release|Any CPU
		{2583A68E-D93A-4DD6-91EF-9B35A86D418C}.Release|Any CPU.Build.0 = Release|Any CPU
	EndGlobalSection
	GlobalSection(SolutionProperties) = preSolution
		HideSolutionNode = FALSE
	EndGlobalSection
	GlobalSection(ExtensibilityGlobals) = postSolution
		SolutionGuid = {72D0D6EB-9B58-46F8-BAAF-175FE4EF34B3}
	EndGlobalSection
EndGlobal
